{
  "requires": true,
  "lockfileVersion": 1,
  "dependencies": {
    "ajv": {
      "version": "6.12.6",
      "resolved": "https://registry.npmjs.org/ajv/-/ajv-6.12.6.tgz",
      "integrity": "sha512-j3fVLgvTo527anyYyJOGTYJbG+vnnQYvE0m5mmkc1TK+nxAppkCLMIL0aZ4dblVCNoGShhm+kzE4ZUykBoMg4g==",
      "requires": {
        "fast-deep-equal": "^3.1.1",
        "fast-json-stable-stringify": "^2.0.0",
        "json-schema-traverse": "^0.4.1",
        "uri-js": "^4.2.2"
      }
    },
    "ajv-errors": {
      "version": "1.0.1",
      "resolved": "https://registry.npmjs.org/ajv-errors/-/ajv-errors-1.0.1.tgz",
      "integrity": "sha512-DCRfO/4nQ+89p/RK43i8Ezd41EqdGIU4ld7nGF8OQ14oc/we5rEntLCUa7+jrn3nn83BosfwZA0wb4pon2o8iQ=="
    },
    "ajv-keywords": {
      "version": "3.5.2",
      "resolved": "https://registry.npmjs.org/ajv-keywords/-/ajv-keywords-3.5.2.tgz",
      "integrity": "sha512-5p6WTN0DdTGVQk6VjcEju19IgaHudalcfabD7yhDGeA6bcQnmL+CpveLJq/3hvfwd1aof6L386Ougkx6RfyMIQ=="
    },
    "balanced-match": {
      "version": "1.0.2",
      "resolved": "https://registry.npmjs.org/balanced-match/-/balanced-match-1.0.2.tgz",
      "integrity": "sha512-3oSeUO0TMV67hN1AmbXsK4yaqU7tjiHlbxRDZOpH0KW9+CeX4bRAaX0Anxt0tx2MrpRpWwQaPwIlISEJhYU5Pw==",
      "dev": true
    },
    "big.js": {
      "version": "5.2.2",
      "resolved": "https://registry.npmjs.org/big.js/-/big.js-5.2.2.tgz",
      "integrity": "sha512-vyL2OymJxmarO8gxMr0mhChsO9QGwhynfuu4+MHTAW6czfq9humCB7rKpUjDd9YUiDPU4mzpyupFSvOClAwbmQ=="
    },
    "brace-expansion": {
      "version": "1.1.11",
      "resolved": "https://registry.npmjs.org/brace-expansion/-/brace-expansion-1.1.11.tgz",
      "integrity": "sha512-iCuPHDFgrHX7H2vEI/5xpz07zSHB00TpugqhmYtVmMO6518mCuRMoOYFldEBl0g187ufozdaHgWKcYFb61qGiA==",
      "dev": true,
      "requires": {
        "balanced-match": "^1.0.0",
        "concat-map": "0.0.1"
      }
    },
    "concat-map": {
      "version": "0.0.1",
      "resolved": "https://registry.npmjs.org/concat-map/-/concat-map-0.0.1.tgz",
      "integrity": "sha1-2Klr13/Wjfd5OnMDajug1UBdR3s=",
      "dev": true
    },
    "emojis-list": {
      "version": "3.0.0",
      "resolved": "https://registry.npmjs.org/emojis-list/-/emojis-list-3.0.0.tgz",
      "integrity": "sha512-/kyM18EfinwXZbno9FyUGeFh87KC8HRQBQGildHZbEuRyWFOmv1U10o9BBp8XVZDVNNuQKyIGIu5ZYAAXJ0V2Q=="
    },
    "fast-deep-equal": {
      "version": "3.1.3",
      "resolved": "https://registry.npmjs.org/fast-deep-equal/-/fast-deep-equal-3.1.3.tgz",
      "integrity": "sha512-f3qQ9oQy9j2AhBe/H9VC91wLmKBCCU/gDOnKNAYG5hswO7BLKj09Hc5HYNz9cGI++xlpDCIgDaitVs03ATR84Q=="
    },
    "fast-json-stable-stringify": {
      "version": "2.1.0",
      "resolved": "https://registry.npmjs.org/fast-json-stable-stringify/-/fast-json-stable-stringify-2.1.0.tgz",
      "integrity": "sha512-lhd/wF+Lk98HZoTCtlVraHtfh5XYijIjalXck7saUtuanSDyLMxnHhSXEDJqHxD7msR8D0uCmqlkwjCV8xvwHw=="
    },
    "fs.realpath": {
      "version": "1.0.0",
      "resolved": "https://registry.npmjs.org/fs.realpath/-/fs.realpath-1.0.0.tgz",
      "integrity": "sha1-FQStJSMVjKpA20onh8sBQRmU6k8=",
      "dev": true
    },
    "function-bind": {
      "version": "1.1.1",
      "resolved": "https://registry.npmjs.org/function-bind/-/function-bind-1.1.1.tgz",
      "integrity": "sha512-yIovAzMX49sF8Yl58fSCWJ5svSLuaibPxXQJFLmBObTuCr0Mf1KiPopGM9NiFjiYBCbfaa2Fh6breQ6ANVTI0A==",
      "dev": true
    },
    "glob": {
      "version": "7.1.7",
      "resolved": "https://registry.npmjs.org/glob/-/glob-7.1.7.tgz",
      "integrity": "sha512-OvD9ENzPLbegENnYP5UUfJIirTg4+XwMWGaQfQTY0JenxNvvIKP3U3/tAQSPIu/lHxXYSZmpXlUHeqAIdKzBLQ==",
      "dev": true,
      "requires": {
        "fs.realpath": "^1.0.0",
        "inflight": "^1.0.4",
        "inherits": "2",
        "minimatch": "^3.0.4",
        "once": "^1.3.0",
        "path-is-absolute": "^1.0.0"
      }
    },
    "has": {
      "version": "1.0.3",
      "resolved": "https://registry.npmjs.org/has/-/has-1.0.3.tgz",
      "integrity": "sha512-f2dvO0VU6Oej7RkWJGrehjbzMAjFp5/VKPp5tTpWIV4JHHZK1/BxbFRtf/siA2SWTe09caDmVtYYzWEIbBS4zw==",
      "dev": true,
      "requires": {
        "function-bind": "^1.1.1"
      }
    },
    "inflight": {
      "version": "1.0.6",
      "resolved": "https://registry.npmjs.org/inflight/-/inflight-1.0.6.tgz",
      "integrity": "sha1-Sb1jMdfQLQwJvJEKEHW6gWW1bfk=",
      "dev": true,
      "requires": {
        "once": "^1.3.0",
        "wrappy": "1"
      }
    },
    "inherits": {
      "version": "2.0.4",
      "resolved": "https://registry.npmjs.org/inherits/-/inherits-2.0.4.tgz",
      "integrity": "sha512-k/vGaX4/Yla3WzyMCvTQOXYeIHvqOKtnqBduzTHpzpQZzAskKMhZ2K+EnBiSM9zGSoIFeMpXKxa4dYeZIQqewQ==",
      "dev": true
    },
    "interpret": {
      "version": "1.4.0",
      "resolved": "https://registry.npmjs.org/interpret/-/interpret-1.4.0.tgz",
      "integrity": "sha512-agE4QfB2Lkp9uICn7BAqoscw4SZP9kTE2hxiFI3jBPmXJfdqiahTbUuKGsMoN2GtqL9AxhYioAcVvgsb1HvRbA==",
      "dev": true
    },
    "is-core-module": {
      "version": "2.6.0",
      "resolved": "https://registry.npmjs.org/is-core-module/-/is-core-module-2.6.0.tgz",
      "integrity": "sha512-wShG8vs60jKfPWpF2KZRaAtvt3a20OAn7+IJ6hLPECpSABLcKtFKTTI4ZtH5QcBruBHlq+WsdHWyz0BCZW7svQ==",
      "dev": true,
      "requires": {
        "has": "^1.0.3"
      }
    },
    "json-schema-traverse": {
      "version": "0.4.1",
      "resolved": "https://registry.npmjs.org/json-schema-traverse/-/json-schema-traverse-0.4.1.tgz",
      "integrity": "sha512-xbbCH5dCYU5T8LcEhhuh7HJ88HXuW3qsI3Y0zOZFKfZEHcpWiHU/Jxzk629Brsab/mMiHQti9wMP+845RPe3Vg=="
    },
    "json5": {
      "version": "1.0.1",
      "resolved": "https://registry.npmjs.org/json5/-/json5-1.0.1.tgz",
      "integrity": "sha512-aKS4WQjPenRxiQsC93MNfjx+nbF4PAdYzmd/1JIj8HYzqfbu86beTuNgXDzPknWk0n0uARlyewZo4s++ES36Ow==",
      "requires": {
        "minimist": "^1.2.0"
      }
    },
    "loader-utils": {
      "version": "1.4.0",
      "resolved": "https://registry.npmjs.org/loader-utils/-/loader-utils-1.4.0.tgz",
      "integrity": "sha512-qH0WSMBtn/oHuwjy/NucEgbx5dbxxnxup9s4PVXJUDHZBQY+s0NWA9rJf53RBnQZxfch7euUui7hpoAPvALZdA==",
      "requires": {
        "big.js": "^5.2.2",
        "emojis-list": "^3.0.0",
        "json5": "^1.0.1"
      }
    },
    "lru-cache": {
      "version": "6.0.0",
      "resolved": "https://registry.npmjs.org/lru-cache/-/lru-cache-6.0.0.tgz",
      "integrity": "sha512-Jo6dJ04CmSjuznwJSS3pUeWmd/H0ffTlkXXgwZi+eq1UCmqQwCh+eLsYOYCwY991i2Fah4h1BEMCx4qThGbsiA==",
      "dev": true,
      "requires": {
        "yallist": "^4.0.0"
      }
    },
    "minimatch": {
      "version": "3.0.4",
      "resolved": "https://registry.npmjs.org/minimatch/-/minimatch-3.0.4.tgz",
      "integrity": "sha512-yJHVQEhyqPLUTgt9B83PXu6W3rx4MvvHvSUvToogpwoGDOUQ+yDrR0HRot+yOCdCO7u4hX3pWft6kWBBcqh0UA==",
      "dev": true,
      "requires": {
        "brace-expansion": "^1.1.7"
      }
    },
    "minimist": {
      "version": "1.2.5",
      "resolved": "https://registry.npmjs.org/minimist/-/minimist-1.2.5.tgz",
      "integrity": "sha512-FM9nNUYrRBAELZQT3xeZQ7fmMOBg6nWNmJKTcgsJeaLstP/UODVpGsr5OhXhhXg6f+qtJ8uiZ+PUxkDWcgIXLw=="
    },
    "once": {
      "version": "1.4.0",
      "resolved": "https://registry.npmjs.org/once/-/once-1.4.0.tgz",
      "integrity": "sha1-WDsap3WWHUsROsF9nFC6753Xa9E=",
      "dev": true,
      "requires": {
        "wrappy": "1"
      }
    },
    "path-is-absolute": {
      "version": "1.0.1",
      "resolved": "https://registry.npmjs.org/path-is-absolute/-/path-is-absolute-1.0.1.tgz",
      "integrity": "sha1-F0uSaHNVNP+8es5r9TpanhtcX18=",
      "dev": true
    },
    "path-parse": {
      "version": "1.0.7",
      "resolved": "https://registry.npmjs.org/path-parse/-/path-parse-1.0.7.tgz",
      "integrity": "sha512-LDJzPVEEEPR+y48z93A0Ed0yXb8pAByGWo/k5YYdYgpY2/2EsOsksJrq7lOHxryrVOn1ejG6oAp8ahvOIQD8sw==",
      "dev": true
    },
    "punycode": {
      "version": "2.1.1",
      "resolved": "https://registry.npmjs.org/punycode/-/punycode-2.1.1.tgz",
      "integrity": "sha512-XRsRjdf+j5ml+y/6GKHPZbrF/8p2Yga0JPtdqTIY2Xe5ohJPD9saDJJLPvp9+NSBprVvevdXZybnj2cv8OEd0A=="
    },
    "rechoir": {
      "version": "0.6.2",
      "resolved": "https://registry.npmjs.org/rechoir/-/rechoir-0.6.2.tgz",
      "integrity": "sha1-hSBLVNuoLVdC4oyWdW70OvUOM4Q=",
      "dev": true,
      "requires": {
        "resolve": "^1.1.6"
      }
    },
    "resolve": {
      "version": "1.20.0",
      "resolved": "https://registry.npmjs.org/resolve/-/resolve-1.20.0.tgz",
      "integrity": "sha512-wENBPt4ySzg4ybFQW2TT1zMQucPK95HSh/nq2CFTZVOGut2+pQvSsgtda4d26YrYcr067wjbmzOG8byDPBX63A==",
      "dev": true,
      "requires": {
        "is-core-module": "^2.2.0",
        "path-parse": "^1.0.6"
      }
    },
    "semver": {
      "version": "7.3.5",
      "resolved": "https://registry.npmjs.org/semver/-/semver-7.3.5.tgz",
      "integrity": "sha512-PoeGJYh8HK4BTO/a9Tf6ZG3veo/A7ZVsYrSA6J8ny9nb3B1VrpkuN+z9OE5wfE5p6H4LchYZsegiQgbJD94ZFQ==",
      "dev": true,
      "requires": {
        "lru-cache": "^6.0.0"
      }
    },
    "shelljs": {
      "version": "0.8.4",
      "resolved": "https://registry.npmjs.org/shelljs/-/shelljs-0.8.4.tgz",
      "integrity": "sha512-7gk3UZ9kOfPLIAbslLzyWeGiEqx9e3rxwZM0KE6EL8GlGwjym9Mrlx5/p33bWTu9YG6vcS4MBxYZDHYr5lr8BQ==",
      "dev": true,
      "requires": {
        "glob": "^7.0.0",
        "interpret": "^1.0.0",
        "rechoir": "^0.6.2"
      }
    },
    "uri-js": {
      "version": "4.4.1",
      "resolved": "https://registry.npmjs.org/uri-js/-/uri-js-4.4.1.tgz",
      "integrity": "sha512-7rKUyy33Q1yc98pQ1DAmLtwX109F7TIfWlW1Ydo8Wl1ii1SeHieeh0HHfPeL2fMXK6z0s8ecKs9frCuLJvndBg==",
      "requires": {
        "punycode": "^2.1.0"
      }
    },
    "vue-cli-plugin-vuetify": {
      "version": "2.4.2",
      "resolved": "https://registry.npmjs.org/vue-cli-plugin-vuetify/-/vue-cli-plugin-vuetify-2.4.2.tgz",
      "integrity": "sha512-aJXkzz3CbN/D1/aJ53slsp8hGaruQHhj/mkNjsfpkqhGglLex7UBnvcDwi5+D1tNk+XlddANLgRe9tmCFMorVA==",
      "dev": true,
      "requires": {
        "null-loader": "^3.0.0",
        "semver": "^7.1.2",
        "shelljs": "^0.8.3"
      },
      "dependencies": {
        "@webassemblyjs/ast": {
          "version": "1.9.0",
          "resolved": "https://registry.npmjs.org/@webassemblyjs/ast/-/ast-1.9.0.tgz",
          "integrity": "sha512-C6wW5L+b7ogSDVqymbkkvuW9kruN//YisMED04xzeBBqjHa2FYnmvOlS6Xj68xWQRgWvI9cIglsjFowH/RJyEA==",
          "requires": {
            "@webassemblyjs/helper-wasm-bytecode": "1.9.0"
          }
        },
        "@webassemblyjs/helper-api-error": {
          "version": "1.9.0",
          "resolved": "https://registry.npmjs.org/@webassemblyjs/helper-api-error/-/helper-api-error-1.9.0.tgz",
          "integrity": "sha512-NcMLjoFMXpsASZFxJ5h2HZRcEhDkvnNFOAKneP5RbKRzaWJN36NC4jqQHKwStIhGXu5mUWlUUk7ygdtrO8lbmw=="
        },
        "@webassemblyjs/helper-buffer": {
          "version": "1.9.0",
          "resolved": "https://registry.npmjs.org/@webassemblyjs/helper-buffer/-/helper-buffer-1.9.0.tgz",
          "integrity": "sha512-qZol43oqhq6yBPx7YM3m9Bv7WMV9Eevj6kMi6InKOuZxhw+q9hOkvq5e/PpKSiLfyetpaBnogSbNCfBwyB00CA=="
        },
        "@webassemblyjs/helper-wasm-bytecode": {
          "version": "1.9.0",
          "resolved": "https://registry.npmjs.org/@webassemblyjs/helper-wasm-bytecode/-/helper-wasm-bytecode-1.9.0.tgz",
          "integrity": "sha512-R7FStIzyNcd7xKxCZH5lE0Bqy+hGTwS3LJjuv1ZVxd9O7eHCedSdrId/hMOd20I+v8wDXEn+bjfKDLzTepoaUw=="
        },
        "@webassemblyjs/helper-wasm-section": {
          "version": "1.9.0",
          "resolved": "https://registry.npmjs.org/@webassemblyjs/helper-wasm-section/-/helper-wasm-section-1.9.0.tgz",
          "integrity": "sha512-XnMB8l3ek4tvrKUUku+IVaXNHz2YsJyOOmz+MMkZvh8h1uSJpSen6vYnw3IoQ7WwEuAhL8Efjms1ZWjqh2agvw==",
          "requires": {
            "@webassemblyjs/ast": "1.9.0",
            "@webassemblyjs/helper-buffer": "1.9.0",
            "@webassemblyjs/helper-wasm-bytecode": "1.9.0",
            "@webassemblyjs/wasm-gen": "1.9.0"
          }
        },
        "@webassemblyjs/ieee754": {
          "version": "1.9.0",
          "resolved": "https://registry.npmjs.org/@webassemblyjs/ieee754/-/ieee754-1.9.0.tgz",
          "integrity": "sha512-dcX8JuYU/gvymzIHc9DgxTzUUTLexWwt8uCTWP3otys596io0L5aW02Gb1RjYpx2+0Jus1h4ZFqjla7umFniTg=="
        },
        "@webassemblyjs/leb128": {
          "version": "1.9.0",
          "resolved": "https://registry.npmjs.org/@webassemblyjs/leb128/-/leb128-1.9.0.tgz",
          "integrity": "sha512-ENVzM5VwV1ojs9jam6vPys97B/S65YQtv/aanqnU7D8aSoHFX8GyhGg0CMfyKNIHBuAVjy3tlzd5QMMINa7wpw=="
        },
        "@webassemblyjs/utf8": {
          "version": "1.9.0",
          "resolved": "https://registry.npmjs.org/@webassemblyjs/utf8/-/utf8-1.9.0.tgz",
          "integrity": "sha512-GZbQlWtopBTP0u7cHrEx+73yZKrQoBMpwkGEIqlacljhXCkVM1kMQge/Mf+csMJAjEdSwhOyLAS0AoR3AG5P8w=="
        },
        "@webassemblyjs/wasm-edit": {
          "version": "1.9.0",
          "resolved": "https://registry.npmjs.org/@webassemblyjs/wasm-edit/-/wasm-edit-1.9.0.tgz",
          "integrity": "sha512-FgHzBm80uwz5M8WKnMTn6j/sVbqilPdQXTWraSjBwFXSYGirpkSWE2R9Qvz9tNiTKQvoKILpCuTjBKzOIm0nxw==",
          "requires": {
            "@webassemblyjs/ast": "1.9.0",
            "@webassemblyjs/helper-buffer": "1.9.0",
            "@webassemblyjs/helper-wasm-bytecode": "1.9.0",
            "@webassemblyjs/helper-wasm-section": "1.9.0",
            "@webassemblyjs/wasm-gen": "1.9.0",
            "@webassemblyjs/wasm-opt": "1.9.0",
            "@webassemblyjs/wasm-parser": "1.9.0",
            "@webassemblyjs/wast-printer": "1.9.0"
          }
        },
        "@webassemblyjs/wasm-gen": {
          "version": "1.9.0",
          "resolved": "https://registry.npmjs.org/@webassemblyjs/wasm-gen/-/wasm-gen-1.9.0.tgz",
          "integrity": "sha512-cPE3o44YzOOHvlsb4+E9qSqjc9Qf9Na1OO/BHFy4OI91XDE14MjFN4lTMezzaIWdPqHnsTodGGNP+iRSYfGkjA==",
          "requires": {
            "@webassemblyjs/ast": "1.9.0",
            "@webassemblyjs/helper-wasm-bytecode": "1.9.0",
            "@webassemblyjs/ieee754": "1.9.0",
            "@webassemblyjs/leb128": "1.9.0",
            "@webassemblyjs/utf8": "1.9.0"
          }
        },
        "@webassemblyjs/wasm-opt": {
          "version": "1.9.0",
          "resolved": "https://registry.npmjs.org/@webassemblyjs/wasm-opt/-/wasm-opt-1.9.0.tgz",
          "integrity": "sha512-Qkjgm6Anhm+OMbIL0iokO7meajkzQD71ioelnfPEj6r4eOFuqm4YC3VBPqXjFyyNwowzbMD+hizmprP/Fwkl2A==",
          "requires": {
            "@webassemblyjs/ast": "1.9.0",
            "@webassemblyjs/helper-buffer": "1.9.0",
            "@webassemblyjs/wasm-gen": "1.9.0",
            "@webassemblyjs/wasm-parser": "1.9.0"
          }
        },
        "@webassemblyjs/wasm-parser": {
          "version": "1.9.0",
          "resolved": "https://registry.npmjs.org/@webassemblyjs/wasm-parser/-/wasm-parser-1.9.0.tgz",
          "integrity": "sha512-9+wkMowR2AmdSWQzsPEjFU7njh8HTO5MqO8vjwEHuM+AMHioNqSBONRdr0NQQ3dVQrzp0s8lTcYqzUdb7YgELA==",
          "requires": {
            "@webassemblyjs/ast": "1.9.0",
            "@webassemblyjs/helper-api-error": "1.9.0",
            "@webassemblyjs/helper-wasm-bytecode": "1.9.0",
            "@webassemblyjs/ieee754": "1.9.0",
            "@webassemblyjs/leb128": "1.9.0",
            "@webassemblyjs/utf8": "1.9.0"
          }
        },
        "@webassemblyjs/wast-printer": {
          "version": "1.9.0",
          "resolved": "https://registry.npmjs.org/@webassemblyjs/wast-printer/-/wast-printer-1.9.0.tgz",
          "integrity": "sha512-2J0nE95rHXHyQ24cWjMKJ1tqB/ds8z/cyeOZxJhcb+rW+SQASVjuznUSmdz5GpVJTzU8JkhYut0D3siFDD6wsA==",
          "requires": {
            "@webassemblyjs/ast": "1.9.0"
          }
        },
        "acorn": {
          "version": "6.4.2",
          "resolved": "https://registry.npmjs.org/acorn/-/acorn-6.4.2.tgz",
          "integrity": "sha512-XtGIhXwF8YM8bJhGxG5kXgjkEuNGLTkoYqVE+KMR+aspr4KGYmKYg7yUe3KghyQ9yheNwLnjmzh/7+gfDBmHCQ=="
        },
        "enhanced-resolve": {
          "version": "4.5.0",
          "resolved": "https://registry.npmjs.org/enhanced-resolve/-/enhanced-resolve-4.5.0.tgz",
          "integrity": "sha512-Nv9m36S/vxpsI+Hc4/ZGRs0n9mXqSWGGq49zxb/cJfPAQMbUtttJAlNPS4AQzaBdw/pKskw5bMbekT/Y7W/Wlg==",
          "requires": {
            "memory-fs": "^0.5.0",
            "tapable": "^1.0.0"
          },
          "dependencies": {
            "memory-fs": {
              "version": "0.5.0",
              "resolved": "https://registry.npmjs.org/memory-fs/-/memory-fs-0.5.0.tgz",
              "integrity": "sha512-jA0rdU5KoQMC0e6ppoNRtpp6vjFq6+NY7r8hywnC7V+1Xj/MtHwGIbB1QaK/dunyjWteJzmkpd7ooeWg10T7GA=="
            }
          }
        },
        "eslint-scope": {
          "version": "4.0.3",
          "resolved": "https://registry.npmjs.org/eslint-scope/-/eslint-scope-4.0.3.tgz",
          "integrity": "sha512-p7VutNr1O/QrxysMo3E45FjYDTeXBy0iTltPFNSqKAIfjDSXC+4dj+qfyuD8bfAXrW/y6lW3O76VaYNPKfpKrg=="
        },
        "loader-runner": {
          "version": "2.4.0",
          "resolved": "https://registry.npmjs.org/loader-runner/-/loader-runner-2.4.0.tgz",
          "integrity": "sha512-Jsmr89RcXGIwivFY21FcRrisYZfvLMTWx5kOLc+JTxtpBOG6xML0vzbc6SEQG2FO9/4Fc3wW4LVcB5DmGflaRw=="
        },
        "null-loader": {
          "version": "3.0.0",
          "resolved": "https://registry.npmjs.org/null-loader/-/null-loader-3.0.0.tgz",
          "integrity": "sha512-hf5sNLl8xdRho4UPBOOeoIwT3WhjYcMUQm0zj44EhD6UscMAz72o2udpoDFBgykucdEDGIcd6SXbc/G6zssbzw==",
          "dev": true,
          "requires": {
            "loader-utils": "^1.2.3",
            "schema-utils": "^1.0.0"
          }
        },
        "schema-utils": {
          "version": "1.0.0",
          "resolved": "https://registry.npmjs.org/schema-utils/-/schema-utils-1.0.0.tgz",
          "integrity": "sha512-i27Mic4KovM/lnGsy8whRCHhc7VicJajAjTrYg11K9zfZXnYIt4k5F+kZkwjnrhKzLic/HLU4j11mjsz2G/75g==",
          "requires": {
            "ajv": "^6.1.0",
            "ajv-errors": "^1.0.0",
            "ajv-keywords": "^3.1.0"
          }
        },
        "serialize-javascript": {
          "version": "4.0.0",
          "resolved": "https://registry.npmjs.org/serialize-javascript/-/serialize-javascript-4.0.0.tgz",
          "integrity": "sha512-GaNA54380uFefWghODBWEGisLZFj00nS5ACs6yHa9nLqlLpVLO8ChDGeKRjZnV4Nh4n0Qi7nhYZD/9fCPzEqkw=="
        },
        "tapable": {
          "version": "1.1.3",
          "resolved": "https://registry.npmjs.org/tapable/-/tapable-1.1.3.tgz",
          "integrity": "sha512-4WK/bYZmj8xLr+HUCODHGF1ZFzsYffasLUgEiMBY4fgtltdO6B4WJtlSbPaDTLpYTcGVwM2qLnFTICEcNxs3kA=="
        },
        "terser": {
          "version": "4.8.0",
          "resolved": "https://registry.npmjs.org/terser/-/terser-4.8.0.tgz",
          "integrity": "sha512-EAPipTNeWsb/3wLPeup1tVPaXfIaU68xMnVdPafIL1TV05OhASArYyIfFvnvJCNrR2NIOvDVNNTFRa+Re2MWyw=="
        },
        "terser-webpack-plugin": {
          "version": "1.4.5",
          "resolved": "https://registry.npmjs.org/terser-webpack-plugin/-/terser-webpack-plugin-1.4.5.tgz",
          "integrity": "sha512-04Rfe496lN8EYruwi6oPQkG0vo8C+HT49X687FZnpPF0qMAIHONI6HEXYPKDOE8e5HjXTyKfqRd/agHtH0kOtw==",
          "requires": {
            "schema-utils": "^1.0.0",
            "serialize-javascript": "^4.0.0",
            "terser": "^4.1.2",
            "webpack-sources": "^1.4.0"
          }
        },
        "watchpack": {
          "version": "1.7.5",
          "resolved": "https://registry.npmjs.org/watchpack/-/watchpack-1.7.5.tgz",
          "integrity": "sha512-9P3MWk6SrKjHsGkLT2KHXdQ/9SNkyoJbabxnKOoJepsvJjJG8uYTR3yTPxPQvNDI3w4Nz1xnE0TLHK4RIVe/MQ=="
        },
        "webpack": {
          "version": "4.46.0",
          "resolved": "https://registry.npmjs.org/webpack/-/webpack-4.46.0.tgz",
          "integrity": "sha512-6jJuJjg8znb/xRItk7bkT0+Q7AHCYjjFnvKIWQPkNIOyRqoCGvkOs0ipeQzrqz4l5FtN5ZI/ukEHroeX/o1/5Q==",
          "requires": {
            "@webassemblyjs/ast": "1.9.0",
            "@webassemblyjs/wasm-edit": "1.9.0",
            "@webassemblyjs/wasm-parser": "1.9.0",
            "acorn": "^6.4.1",
            "ajv": "^6.10.2",
            "ajv-keywords": "^3.4.1",
            "enhanced-resolve": "^4.5.0",
            "eslint-scope": "^4.0.3",
            "loader-runner": "^2.4.0",
            "loader-utils": "^1.2.3",
            "schema-utils": "^1.0.0",
            "tapable": "^1.1.3",
            "terser-webpack-plugin": "^1.4.3",
            "watchpack": "^1.7.4",
            "webpack-sources": "^1.4.1"
          }
        },
        "webpack-sources": {
          "version": "1.4.3",
          "resolved": "https://registry.npmjs.org/webpack-sources/-/webpack-sources-1.4.3.tgz",
          "integrity": "sha512-lgTS3Xhv1lCOKo7SA5TjKXMjpSM4sBjNV5+q2bqesbSPs5FjGmU6jjtBSkX9b4qW87vDIsCIlUPOEhbZrMdjeQ=="
        }
      }
    },
<<<<<<< HEAD
=======
    "vuelidate": {
      "version": "0.7.6",
      "resolved": "https://registry.npmjs.org/vuelidate/-/vuelidate-0.7.6.tgz",
      "integrity": "sha512-suzIuet1jGcyZ4oUSW8J27R2tNrJ9cIfklAh63EbAkFjE380iv97BAiIeolRYoB9bF9usBXCu4BxftWN1Dkn3g=="
    },
>>>>>>> 3fce26ff5d9b76ae72b781605dcde97ec77ad5ea
    "wrappy": {
      "version": "1.0.2",
      "resolved": "https://registry.npmjs.org/wrappy/-/wrappy-1.0.2.tgz",
      "integrity": "sha1-tSQ9jz7BqjXxNkYFvA0QNuMKtp8=",
      "dev": true
    },
    "yallist": {
      "version": "4.0.0",
      "resolved": "https://registry.npmjs.org/yallist/-/yallist-4.0.0.tgz",
      "integrity": "sha512-3wdGidZyq5PB084XLES5TpOSRA3wjXAlIWMhum2kRcv/41Sn2emQ0dycQW4uZXLejwKvg6EsvbdlVL+FYEct7A==",
      "dev": true
    }
  }
}
